
Microsoft Visual Studio Solution File, Format Version 12.00
# Visual Studio Version 17
VisualStudioVersion = 17.1.32210.238
MinimumVisualStudioVersion = 10.0.40219.1
Project("{FAE04EC0-301F-11D3-BF4B-00C04F79EFBC}") = "Day5Assignment", "Day5Assignment.csproj", "{EC5FCB25-AFCA-4575-8B9D-CECB87C075EA}"
EndProject
Global
	GlobalSection(SolutionConfigurationPlatforms) = preSolution
		Debug|Any CPU = Debug|Any CPU
		Release|Any CPU = Release|Any CPU
	EndGlobalSection
	GlobalSection(ProjectConfigurationPlatforms) = postSolution
		{EC5FCB25-AFCA-4575-8B9D-CECB87C075EA}.Debug|Any CPU.ActiveCfg = Debug|Any CPU
		{EC5FCB25-AFCA-4575-8B9D-CECB87C075EA}.Debug|Any CPU.Build.0 = Debug|Any CPU
		{EC5FCB25-AFCA-4575-8B9D-CECB87C075EA}.Release|Any CPU.ActiveCfg = Release|Any CPU
		{EC5FCB25-AFCA-4575-8B9D-CECB87C075EA}.Release|Any CPU.Build.0 = Release|Any CPU
	EndGlobalSection
	GlobalSection(SolutionProperties) = preSolution
		HideSolutionNode = FALSE
	EndGlobalSection
	GlobalSection(ExtensibilityGlobals) = postSolution
		SolutionGuid = {A74AC3B8-574E-4A07-A276-A408FF342D85}
	EndGlobalSection
EndGlobal
